
Microsoft Visual Studio Solution File, Format Version 12.00
# Visual Studio Version 18
VisualStudioVersion = 18.6.11822.322
MinimumVisualStudioVersion = 10.0.40219.1
Project("{9A19103F-16F7-4668-BE54-9A1E7A4F7556}") = "App", "Web\App.csproj", "{603EB34E-A842-4189-A087-BA36F27B60E2}"
	ProjectSection(ProjectDependencies) = postProject
		{D99725F0-6535-436E-8401-044506D94E24} = {D99725F0-6535-436E-8401-044506D94E24}
	EndProjectSection
EndProject
Project("{9A19103F-16F7-4668-BE54-9A1E7A4F7556}") = "Core", "Core\Core.csproj", "{D99725F0-6535-436E-8401-044506D94E24}"
EndProject
Global
	GlobalSection(SolutionConfigurationPlatforms) = preSolution
		Debug|Any CPU = Debug|Any CPU
		Release|Any CPU = Release|Any CPU
	EndGlobalSection
	GlobalSection(ProjectConfigurationPlatforms) = postSolution
		{603EB34E-A842-4189-A087-BA36F27B60E2}.Debug|Any CPU.ActiveCfg = Debug|Any CPU
		{603EB34E-A842-4189-A087-BA36F27B60E2}.Debug|Any CPU.Build.0 = Debug|Any CPU
		{603EB34E-A842-4189-A087-BA36F27B60E2}.Release|Any CPU.ActiveCfg = Release|Any CPU
		{603EB34E-A842-4189-A087-BA36F27B60E2}.Release|Any CPU.Build.0 = Release|Any CPU
		{D99725F0-6535-436E-8401-044506D94E24}.Debug|Any CPU.ActiveCfg = Debug|Any CPU
		{D99725F0-6535-436E-8401-044506D94E24}.Debug|Any CPU.Build.0 = Debug|Any CPU
		{D99725F0-6535-436E-8401-044506D94E24}.Release|Any CPU.ActiveCfg = Release|Any CPU
		{D99725F0-6535-436E-8401-044506D94E24}.Release|Any CPU.Build.0 = Release|Any CPU
	EndGlobalSection
	GlobalSection(SolutionProperties) = preSolution
		HideSolutionNode = FALSE
	EndGlobalSection
	GlobalSection(ExtensibilityGlobals) = postSolution
		SolutionGuid = {BA3F4A6F-8148-4138-A2DB-69F34EA4F283}
	EndGlobalSection
EndGlobal
